
Microsoft Visual Studio Solution File, Format Version 12.00
# Visual Studio Version 17
VisualStudioVersion = 17.7.34202.233
MinimumVisualStudioVersion = 10.0.40219.1
Project("{9A19103F-16F7-4668-BE54-9A1E7A4F7556}") = "E-commerce1", "E-commerce1\E-commerce1.csproj", "{0AF61985-90ED-404D-85B9-338555E11F6C}"
EndProject
Global
	GlobalSection(SolutionConfigurationPlatforms) = preSolution
		Debug|Any CPU = Debug|Any CPU
		Release|Any CPU = Release|Any CPU
	EndGlobalSection
	GlobalSection(ProjectConfigurationPlatforms) = postSolution
		{0AF61985-90ED-404D-85B9-338555E11F6C}.Debug|Any CPU.ActiveCfg = Debug|Any CPU
		{0AF61985-90ED-404D-85B9-338555E11F6C}.Debug|Any CPU.Build.0 = Debug|Any CPU
		{0AF61985-90ED-404D-85B9-338555E11F6C}.Release|Any CPU.ActiveCfg = Release|Any CPU
		{0AF61985-90ED-404D-85B9-338555E11F6C}.Release|Any CPU.Build.0 = Release|Any CPU
	EndGlobalSection
	GlobalSection(SolutionProperties) = preSolution
		HideSolutionNode = FALSE
	EndGlobalSection
	GlobalSection(ExtensibilityGlobals) = postSolution
		SolutionGuid = {9E475D23-A13F-40C0-B96A-8B7732FB310B}
	EndGlobalSection
EndGlobal
